
Microsoft Visual Studio Solution File, Format Version 12.00
# Visual Studio 15
VisualStudioVersion = 15.0.28010.2026
MinimumVisualStudioVersion = 10.0.40219.1
Project("{FAE04EC0-301F-11D3-BF4B-00C04F79EFBC}") = "Task05", "Task05\Task05.csproj", "{0EF67A4A-3F2E-4512-BA63-D8664A220EE7}"
EndProject
Project("{FAE04EC0-301F-11D3-BF4B-00C04F79EFBC}") = "Task06", "Task06\Task06.csproj", "{C93D3F52-3544-4516-BB31-16578DCA2BF9}"
EndProject
Project("{FAE04EC0-301F-11D3-BF4B-00C04F79EFBC}") = "Task07", "Task07\Task07.csproj", "{CA8E4DE0-6336-4C33-9B17-100FC70910CC}"
EndProject
Project("{FAE04EC0-301F-11D3-BF4B-00C04F79EFBC}") = "OnMyOwn1", "OnMyOwn1\OnMyOwn1.csproj", "{D3EE3F5A-68EE-4344-9795-FA7BA493D714}"
EndProject
Project("{FAE04EC0-301F-11D3-BF4B-00C04F79EFBC}") = "OnMyOwn2", "OnMyOwn2\OnMyOwn2.csproj", "{72346D28-4C2A-440A-8FEB-E03F4DC2820B}"
EndProject
Project("{FAE04EC0-301F-11D3-BF4B-00C04F79EFBC}") = "OnMyOwn3", "OnMyOwn3\OnMyOwn3.csproj", "{1DB99AFE-CCED-41BF-9243-67367A6CFF60}"
EndProject
Project("{FAE04EC0-301F-11D3-BF4B-00C04F79EFBC}") = "OnMyOwn5", "OnMyOwn5\OnMyOwn5.csproj", "{52B46BCF-536D-4DB8-921C-628A4FF459CB}"
EndProject
Project("{FAE04EC0-301F-11D3-BF4B-00C04F79EFBC}") = "OnMyOwn4", "OnMyOwn4\OnMyOwn4.csproj", "{C55C033F-67BB-4A31-8EEC-E3A4A16BFC8F}"
EndProject
Project("{FAE04EC0-301F-11D3-BF4B-00C04F79EFBC}") = "OnMyOwn6", "OnMyOwn6\OnMyOwn6.csproj", "{51FE598F-1EBF-4B54-A0B1-80EB1FFB3F56}"
EndProject
Project("{FAE04EC0-301F-11D3-BF4B-00C04F79EFBC}") = "OnMyOwn7", "OnMyOwn7\OnMyOwn7.csproj", "{72FAFB28-45EE-4E5E-9BED-EC650A2A6B5F}"
EndProject
Global
	GlobalSection(SolutionConfigurationPlatforms) = preSolution
		Debug|Any CPU = Debug|Any CPU
		Release|Any CPU = Release|Any CPU
	EndGlobalSection
	GlobalSection(ProjectConfigurationPlatforms) = postSolution
		{0EF67A4A-3F2E-4512-BA63-D8664A220EE7}.Debug|Any CPU.ActiveCfg = Debug|Any CPU
		{0EF67A4A-3F2E-4512-BA63-D8664A220EE7}.Debug|Any CPU.Build.0 = Debug|Any CPU
		{0EF67A4A-3F2E-4512-BA63-D8664A220EE7}.Release|Any CPU.ActiveCfg = Release|Any CPU
		{0EF67A4A-3F2E-4512-BA63-D8664A220EE7}.Release|Any CPU.Build.0 = Release|Any CPU
		{C93D3F52-3544-4516-BB31-16578DCA2BF9}.Debug|Any CPU.ActiveCfg = Debug|Any CPU
		{C93D3F52-3544-4516-BB31-16578DCA2BF9}.Debug|Any CPU.Build.0 = Debug|Any CPU
		{C93D3F52-3544-4516-BB31-16578DCA2BF9}.Release|Any CPU.ActiveCfg = Release|Any CPU
		{C93D3F52-3544-4516-BB31-16578DCA2BF9}.Release|Any CPU.Build.0 = Release|Any CPU
		{CA8E4DE0-6336-4C33-9B17-100FC70910CC}.Debug|Any CPU.ActiveCfg = Debug|Any CPU
		{CA8E4DE0-6336-4C33-9B17-100FC70910CC}.Debug|Any CPU.Build.0 = Debug|Any CPU
		{CA8E4DE0-6336-4C33-9B17-100FC70910CC}.Release|Any CPU.ActiveCfg = Release|Any CPU
		{CA8E4DE0-6336-4C33-9B17-100FC70910CC}.Release|Any CPU.Build.0 = Release|Any CPU
		{D3EE3F5A-68EE-4344-9795-FA7BA493D714}.Debug|Any CPU.ActiveCfg = Debug|Any CPU
		{D3EE3F5A-68EE-4344-9795-FA7BA493D714}.Debug|Any CPU.Build.0 = Debug|Any CPU
		{D3EE3F5A-68EE-4344-9795-FA7BA493D714}.Release|Any CPU.ActiveCfg = Release|Any CPU
		{D3EE3F5A-68EE-4344-9795-FA7BA493D714}.Release|Any CPU.Build.0 = Release|Any CPU
		{72346D28-4C2A-440A-8FEB-E03F4DC2820B}.Debug|Any CPU.ActiveCfg = Debug|Any CPU
		{72346D28-4C2A-440A-8FEB-E03F4DC2820B}.Debug|Any CPU.Build.0 = Debug|Any CPU
		{72346D28-4C2A-440A-8FEB-E03F4DC2820B}.Release|Any CPU.ActiveCfg = Release|Any CPU
		{72346D28-4C2A-440A-8FEB-E03F4DC2820B}.Release|Any CPU.Build.0 = Release|Any CPU
		{1DB99AFE-CCED-41BF-9243-67367A6CFF60}.Debug|Any CPU.ActiveCfg = Debug|Any CPU
		{1DB99AFE-CCED-41BF-9243-67367A6CFF60}.Debug|Any CPU.Build.0 = Debug|Any CPU
		{1DB99AFE-CCED-41BF-9243-67367A6CFF60}.Release|Any CPU.ActiveCfg = Release|Any CPU
		{1DB99AFE-CCED-41BF-9243-67367A6CFF60}.Release|Any CPU.Build.0 = Release|Any CPU
		{52B46BCF-536D-4DB8-921C-628A4FF459CB}.Debug|Any CPU.ActiveCfg = Debug|Any CPU
		{52B46BCF-536D-4DB8-921C-628A4FF459CB}.Debug|Any CPU.Build.0 = Debug|Any CPU
		{52B46BCF-536D-4DB8-921C-628A4FF459CB}.Release|Any CPU.ActiveCfg = Release|Any CPU
		{52B46BCF-536D-4DB8-921C-628A4FF459CB}.Release|Any CPU.Build.0 = Release|Any CPU
		{C55C033F-67BB-4A31-8EEC-E3A4A16BFC8F}.Debug|Any CPU.ActiveCfg = Debug|Any CPU
		{C55C033F-67BB-4A31-8EEC-E3A4A16BFC8F}.Debug|Any CPU.Build.0 = Debug|Any CPU
		{C55C033F-67BB-4A31-8EEC-E3A4A16BFC8F}.Release|Any CPU.ActiveCfg = Release|Any CPU
		{C55C033F-67BB-4A31-8EEC-E3A4A16BFC8F}.Release|Any CPU.Build.0 = Release|Any CPU
		{51FE598F-1EBF-4B54-A0B1-80EB1FFB3F56}.Debug|Any CPU.ActiveCfg = Debug|Any CPU
		{51FE598F-1EBF-4B54-A0B1-80EB1FFB3F56}.Debug|Any CPU.Build.0 = Debug|Any CPU
		{51FE598F-1EBF-4B54-A0B1-80EB1FFB3F56}.Release|Any CPU.ActiveCfg = Release|Any CPU
		{51FE598F-1EBF-4B54-A0B1-80EB1FFB3F56}.Release|Any CPU.Build.0 = Release|Any CPU
		{72FAFB28-45EE-4E5E-9BED-EC650A2A6B5F}.Debug|Any CPU.ActiveCfg = Debug|Any CPU
		{72FAFB28-45EE-4E5E-9BED-EC650A2A6B5F}.Debug|Any CPU.Build.0 = Debug|Any CPU
		{72FAFB28-45EE-4E5E-9BED-EC650A2A6B5F}.Release|Any CPU.ActiveCfg = Release|Any CPU
		{72FAFB28-45EE-4E5E-9BED-EC650A2A6B5F}.Release|Any CPU.Build.0 = Release|Any CPU
	EndGlobalSection
	GlobalSection(SolutionProperties) = preSolution
		HideSolutionNode = FALSE
	EndGlobalSection
	GlobalSection(ExtensibilityGlobals) = postSolution
		SolutionGuid = {3B9C5C1A-EFD2-4895-A28E-0DEB74883F9C}
	EndGlobalSection
EndGlobal
