
Microsoft Visual Studio Solution File, Format Version 12.00
# Visual Studio 15
VisualStudioVersion = 15.0.28307.489
MinimumVisualStudioVersion = 10.0.40219.1
Project("{FAE04EC0-301F-11D3-BF4B-00C04F79EFBC}") = "CourseWork2019", "CourseWork2019\CourseWork2019.csproj", "{C276A9C2-4CB5-488F-9C32-9F62AA63BDC0}"
EndProject
Global
	GlobalSection(SolutionConfigurationPlatforms) = preSolution
		Debug|Any CPU = Debug|Any CPU
		Release|Any CPU = Release|Any CPU
	EndGlobalSection
	GlobalSection(ProjectConfigurationPlatforms) = postSolution
		{C276A9C2-4CB5-488F-9C32-9F62AA63BDC0}.Debug|Any CPU.ActiveCfg = Debug|Any CPU
		{C276A9C2-4CB5-488F-9C32-9F62AA63BDC0}.Debug|Any CPU.Build.0 = Debug|Any CPU
		{C276A9C2-4CB5-488F-9C32-9F62AA63BDC0}.Release|Any CPU.ActiveCfg = Release|Any CPU
		{C276A9C2-4CB5-488F-9C32-9F62AA63BDC0}.Release|Any CPU.Build.0 = Release|Any CPU
	EndGlobalSection
	GlobalSection(SolutionProperties) = preSolution
		HideSolutionNode = FALSE
	EndGlobalSection
	GlobalSection(ExtensibilityGlobals) = postSolution
		SolutionGuid = {20AEDEBE-09B9-4C73-9723-CEB20D62F3B5}
	EndGlobalSection
EndGlobal
