
Microsoft Visual Studio Solution File, Format Version 12.00
# Visual Studio 15
VisualStudioVersion = 15.0.28307.572
MinimumVisualStudioVersion = 10.0.40219.1
Project("{FAE04EC0-301F-11D3-BF4B-00C04F79EFBC}") = "Seminar08", "Seminar08\Seminar08.csproj", "{9556E9BD-DAE5-4048-937F-2C5A92A1ED23}"
EndProject
Global
	GlobalSection(SolutionConfigurationPlatforms) = preSolution
		Debug|Any CPU = Debug|Any CPU
		Release|Any CPU = Release|Any CPU
	EndGlobalSection
	GlobalSection(ProjectConfigurationPlatforms) = postSolution
		{9556E9BD-DAE5-4048-937F-2C5A92A1ED23}.Debug|Any CPU.ActiveCfg = Debug|Any CPU
		{9556E9BD-DAE5-4048-937F-2C5A92A1ED23}.Debug|Any CPU.Build.0 = Debug|Any CPU
		{9556E9BD-DAE5-4048-937F-2C5A92A1ED23}.Release|Any CPU.ActiveCfg = Release|Any CPU
		{9556E9BD-DAE5-4048-937F-2C5A92A1ED23}.Release|Any CPU.Build.0 = Release|Any CPU
	EndGlobalSection
	GlobalSection(SolutionProperties) = preSolution
		HideSolutionNode = FALSE
	EndGlobalSection
	GlobalSection(ExtensibilityGlobals) = postSolution
		SolutionGuid = {DE16A592-6444-451E-940D-65BFE608D571}
	EndGlobalSection
EndGlobal
