
Microsoft Visual Studio Solution File, Format Version 12.00
# Visual Studio Version 16
VisualStudioVersion = 16.0.28407.52
MinimumVisualStudioVersion = 10.0.40219.1
Project("{FAE04EC0-301F-11D3-BF4B-00C04F79EFBC}") = "Seminar01", "Seminar01\Seminar01.csproj", "{83D589E3-8881-49C9-94AB-BE040C2C8C64}"
EndProject
Project("{FAE04EC0-301F-11D3-BF4B-00C04F79EFBC}") = "Task1", "Task1\Task1.csproj", "{AD042F97-AE67-4D99-B263-E35079FB12EE}"
EndProject
Project("{FAE04EC0-301F-11D3-BF4B-00C04F79EFBC}") = "Task2", "Task2\Task2.csproj", "{38265E62-06EE-448A-87B5-44F32941103D}"
EndProject
Project("{FAE04EC0-301F-11D3-BF4B-00C04F79EFBC}") = "Task3", "Task3\Task3.csproj", "{09DC3EA6-0404-4355-A2B2-4A3599B6B273}"
EndProject
Project("{FAE04EC0-301F-11D3-BF4B-00C04F79EFBC}") = "Task5", "Task5\Task5.csproj", "{B7CAA666-923E-4A6B-8CCA-D9A50D52B139}"
EndProject
Global
	GlobalSection(SolutionConfigurationPlatforms) = preSolution
		Debug|Any CPU = Debug|Any CPU
		Debug|ARM = Debug|ARM
		Debug|ARM64 = Debug|ARM64
		Debug|x64 = Debug|x64
		Debug|x86 = Debug|x86
		Release|Any CPU = Release|Any CPU
		Release|ARM = Release|ARM
		Release|ARM64 = Release|ARM64
		Release|x64 = Release|x64
		Release|x86 = Release|x86
	EndGlobalSection
	GlobalSection(ProjectConfigurationPlatforms) = postSolution
		{83D589E3-8881-49C9-94AB-BE040C2C8C64}.Debug|Any CPU.ActiveCfg = Debug|Any CPU
		{83D589E3-8881-49C9-94AB-BE040C2C8C64}.Debug|Any CPU.Build.0 = Debug|Any CPU
		{83D589E3-8881-49C9-94AB-BE040C2C8C64}.Debug|ARM.ActiveCfg = Debug|Any CPU
		{83D589E3-8881-49C9-94AB-BE040C2C8C64}.Debug|ARM.Build.0 = Debug|Any CPU
		{83D589E3-8881-49C9-94AB-BE040C2C8C64}.Debug|ARM64.ActiveCfg = Debug|Any CPU
		{83D589E3-8881-49C9-94AB-BE040C2C8C64}.Debug|ARM64.Build.0 = Debug|Any CPU
		{83D589E3-8881-49C9-94AB-BE040C2C8C64}.Debug|x64.ActiveCfg = Debug|Any CPU
		{83D589E3-8881-49C9-94AB-BE040C2C8C64}.Debug|x64.Build.0 = Debug|Any CPU
		{83D589E3-8881-49C9-94AB-BE040C2C8C64}.Debug|x86.ActiveCfg = Debug|Any CPU
		{83D589E3-8881-49C9-94AB-BE040C2C8C64}.Debug|x86.Build.0 = Debug|Any CPU
		{83D589E3-8881-49C9-94AB-BE040C2C8C64}.Release|Any CPU.ActiveCfg = Release|Any CPU
		{83D589E3-8881-49C9-94AB-BE040C2C8C64}.Release|Any CPU.Build.0 = Release|Any CPU
		{83D589E3-8881-49C9-94AB-BE040C2C8C64}.Release|ARM.ActiveCfg = Release|Any CPU
		{83D589E3-8881-49C9-94AB-BE040C2C8C64}.Release|ARM.Build.0 = Release|Any CPU
		{83D589E3-8881-49C9-94AB-BE040C2C8C64}.Release|ARM64.ActiveCfg = Release|Any CPU
		{83D589E3-8881-49C9-94AB-BE040C2C8C64}.Release|ARM64.Build.0 = Release|Any CPU
		{83D589E3-8881-49C9-94AB-BE040C2C8C64}.Release|x64.ActiveCfg = Release|Any CPU
		{83D589E3-8881-49C9-94AB-BE040C2C8C64}.Release|x64.Build.0 = Release|Any CPU
		{83D589E3-8881-49C9-94AB-BE040C2C8C64}.Release|x86.ActiveCfg = Release|Any CPU
		{83D589E3-8881-49C9-94AB-BE040C2C8C64}.Release|x86.Build.0 = Release|Any CPU
		{AD042F97-AE67-4D99-B263-E35079FB12EE}.Debug|Any CPU.ActiveCfg = Debug|Any CPU
		{AD042F97-AE67-4D99-B263-E35079FB12EE}.Debug|Any CPU.Build.0 = Debug|Any CPU
		{AD042F97-AE67-4D99-B263-E35079FB12EE}.Debug|ARM.ActiveCfg = Debug|Any CPU
		{AD042F97-AE67-4D99-B263-E35079FB12EE}.Debug|ARM.Build.0 = Debug|Any CPU
		{AD042F97-AE67-4D99-B263-E35079FB12EE}.Debug|ARM64.ActiveCfg = Debug|Any CPU
		{AD042F97-AE67-4D99-B263-E35079FB12EE}.Debug|ARM64.Build.0 = Debug|Any CPU
		{AD042F97-AE67-4D99-B263-E35079FB12EE}.Debug|x64.ActiveCfg = Debug|Any CPU
		{AD042F97-AE67-4D99-B263-E35079FB12EE}.Debug|x64.Build.0 = Debug|Any CPU
		{AD042F97-AE67-4D99-B263-E35079FB12EE}.Debug|x86.ActiveCfg = Debug|Any CPU
		{AD042F97-AE67-4D99-B263-E35079FB12EE}.Debug|x86.Build.0 = Debug|Any CPU
		{AD042F97-AE67-4D99-B263-E35079FB12EE}.Release|Any CPU.ActiveCfg = Release|Any CPU
		{AD042F97-AE67-4D99-B263-E35079FB12EE}.Release|Any CPU.Build.0 = Release|Any CPU
		{AD042F97-AE67-4D99-B263-E35079FB12EE}.Release|ARM.ActiveCfg = Release|Any CPU
		{AD042F97-AE67-4D99-B263-E35079FB12EE}.Release|ARM.Build.0 = Release|Any CPU
		{AD042F97-AE67-4D99-B263-E35079FB12EE}.Release|ARM64.ActiveCfg = Release|Any CPU
		{AD042F97-AE67-4D99-B263-E35079FB12EE}.Release|ARM64.Build.0 = Release|Any CPU
		{AD042F97-AE67-4D99-B263-E35079FB12EE}.Release|x64.ActiveCfg = Release|Any CPU
		{AD042F97-AE67-4D99-B263-E35079FB12EE}.Release|x64.Build.0 = Release|Any CPU
		{AD042F97-AE67-4D99-B263-E35079FB12EE}.Release|x86.ActiveCfg = Release|Any CPU
		{AD042F97-AE67-4D99-B263-E35079FB12EE}.Release|x86.Build.0 = Release|Any CPU
		{38265E62-06EE-448A-87B5-44F32941103D}.Debug|Any CPU.ActiveCfg = Debug|Any CPU
		{38265E62-06EE-448A-87B5-44F32941103D}.Debug|Any CPU.Build.0 = Debug|Any CPU
		{38265E62-06EE-448A-87B5-44F32941103D}.Debug|ARM.ActiveCfg = Debug|Any CPU
		{38265E62-06EE-448A-87B5-44F32941103D}.Debug|ARM.Build.0 = Debug|Any CPU
		{38265E62-06EE-448A-87B5-44F32941103D}.Debug|ARM64.ActiveCfg = Debug|Any CPU
		{38265E62-06EE-448A-87B5-44F32941103D}.Debug|ARM64.Build.0 = Debug|Any CPU
		{38265E62-06EE-448A-87B5-44F32941103D}.Debug|x64.ActiveCfg = Debug|Any CPU
		{38265E62-06EE-448A-87B5-44F32941103D}.Debug|x64.Build.0 = Debug|Any CPU
		{38265E62-06EE-448A-87B5-44F32941103D}.Debug|x86.ActiveCfg = Debug|Any CPU
		{38265E62-06EE-448A-87B5-44F32941103D}.Debug|x86.Build.0 = Debug|Any CPU
		{38265E62-06EE-448A-87B5-44F32941103D}.Release|Any CPU.ActiveCfg = Release|Any CPU
		{38265E62-06EE-448A-87B5-44F32941103D}.Release|Any CPU.Build.0 = Release|Any CPU
		{38265E62-06EE-448A-87B5-44F32941103D}.Release|ARM.ActiveCfg = Release|Any CPU
		{38265E62-06EE-448A-87B5-44F32941103D}.Release|ARM.Build.0 = Release|Any CPU
		{38265E62-06EE-448A-87B5-44F32941103D}.Release|ARM64.ActiveCfg = Release|Any CPU
		{38265E62-06EE-448A-87B5-44F32941103D}.Release|ARM64.Build.0 = Release|Any CPU
		{38265E62-06EE-448A-87B5-44F32941103D}.Release|x64.ActiveCfg = Release|Any CPU
		{38265E62-06EE-448A-87B5-44F32941103D}.Release|x64.Build.0 = Release|Any CPU
		{38265E62-06EE-448A-87B5-44F32941103D}.Release|x86.ActiveCfg = Release|Any CPU
		{38265E62-06EE-448A-87B5-44F32941103D}.Release|x86.Build.0 = Release|Any CPU
		{09DC3EA6-0404-4355-A2B2-4A3599B6B273}.Debug|Any CPU.ActiveCfg = Debug|Any CPU
		{09DC3EA6-0404-4355-A2B2-4A3599B6B273}.Debug|Any CPU.Build.0 = Debug|Any CPU
		{09DC3EA6-0404-4355-A2B2-4A3599B6B273}.Debug|ARM.ActiveCfg = Debug|Any CPU
		{09DC3EA6-0404-4355-A2B2-4A3599B6B273}.Debug|ARM.Build.0 = Debug|Any CPU
		{09DC3EA6-0404-4355-A2B2-4A3599B6B273}.Debug|ARM64.ActiveCfg = Debug|Any CPU
		{09DC3EA6-0404-4355-A2B2-4A3599B6B273}.Debug|ARM64.Build.0 = Debug|Any CPU
		{09DC3EA6-0404-4355-A2B2-4A3599B6B273}.Debug|x64.ActiveCfg = Debug|Any CPU
		{09DC3EA6-0404-4355-A2B2-4A3599B6B273}.Debug|x64.Build.0 = Debug|Any CPU
		{09DC3EA6-0404-4355-A2B2-4A3599B6B273}.Debug|x86.ActiveCfg = Debug|Any CPU
		{09DC3EA6-0404-4355-A2B2-4A3599B6B273}.Debug|x86.Build.0 = Debug|Any CPU
		{09DC3EA6-0404-4355-A2B2-4A3599B6B273}.Release|Any CPU.ActiveCfg = Release|Any CPU
		{09DC3EA6-0404-4355-A2B2-4A3599B6B273}.Release|Any CPU.Build.0 = Release|Any CPU
		{09DC3EA6-0404-4355-A2B2-4A3599B6B273}.Release|ARM.ActiveCfg = Release|Any CPU
		{09DC3EA6-0404-4355-A2B2-4A3599B6B273}.Release|ARM.Build.0 = Release|Any CPU
		{09DC3EA6-0404-4355-A2B2-4A3599B6B273}.Release|ARM64.ActiveCfg = Release|Any CPU
		{09DC3EA6-0404-4355-A2B2-4A3599B6B273}.Release|ARM64.Build.0 = Release|Any CPU
		{09DC3EA6-0404-4355-A2B2-4A3599B6B273}.Release|x64.ActiveCfg = Release|Any CPU
		{09DC3EA6-0404-4355-A2B2-4A3599B6B273}.Release|x64.Build.0 = Release|Any CPU
		{09DC3EA6-0404-4355-A2B2-4A3599B6B273}.Release|x86.ActiveCfg = Release|Any CPU
		{09DC3EA6-0404-4355-A2B2-4A3599B6B273}.Release|x86.Build.0 = Release|Any CPU
		{B7CAA666-923E-4A6B-8CCA-D9A50D52B139}.Debug|Any CPU.ActiveCfg = Debug|Any CPU
		{B7CAA666-923E-4A6B-8CCA-D9A50D52B139}.Debug|Any CPU.Build.0 = Debug|Any CPU
		{B7CAA666-923E-4A6B-8CCA-D9A50D52B139}.Debug|ARM.ActiveCfg = Debug|Any CPU
		{B7CAA666-923E-4A6B-8CCA-D9A50D52B139}.Debug|ARM.Build.0 = Debug|Any CPU
		{B7CAA666-923E-4A6B-8CCA-D9A50D52B139}.Debug|ARM64.ActiveCfg = Debug|Any CPU
		{B7CAA666-923E-4A6B-8CCA-D9A50D52B139}.Debug|ARM64.Build.0 = Debug|Any CPU
		{B7CAA666-923E-4A6B-8CCA-D9A50D52B139}.Debug|x64.ActiveCfg = Debug|Any CPU
		{B7CAA666-923E-4A6B-8CCA-D9A50D52B139}.Debug|x64.Build.0 = Debug|Any CPU
		{B7CAA666-923E-4A6B-8CCA-D9A50D52B139}.Debug|x86.ActiveCfg = Debug|Any CPU
		{B7CAA666-923E-4A6B-8CCA-D9A50D52B139}.Debug|x86.Build.0 = Debug|Any CPU
		{B7CAA666-923E-4A6B-8CCA-D9A50D52B139}.Release|Any CPU.ActiveCfg = Release|Any CPU
		{B7CAA666-923E-4A6B-8CCA-D9A50D52B139}.Release|Any CPU.Build.0 = Release|Any CPU
		{B7CAA666-923E-4A6B-8CCA-D9A50D52B139}.Release|ARM.ActiveCfg = Release|Any CPU
		{B7CAA666-923E-4A6B-8CCA-D9A50D52B139}.Release|ARM.Build.0 = Release|Any CPU
		{B7CAA666-923E-4A6B-8CCA-D9A50D52B139}.Release|ARM64.ActiveCfg = Release|Any CPU
		{B7CAA666-923E-4A6B-8CCA-D9A50D52B139}.Release|ARM64.Build.0 = Release|Any CPU
		{B7CAA666-923E-4A6B-8CCA-D9A50D52B139}.Release|x64.ActiveCfg = Release|Any CPU
		{B7CAA666-923E-4A6B-8CCA-D9A50D52B139}.Release|x64.Build.0 = Release|Any CPU
		{B7CAA666-923E-4A6B-8CCA-D9A50D52B139}.Release|x86.ActiveCfg = Release|Any CPU
		{B7CAA666-923E-4A6B-8CCA-D9A50D52B139}.Release|x86.Build.0 = Release|Any CPU
	EndGlobalSection
	GlobalSection(SolutionProperties) = preSolution
		HideSolutionNode = FALSE
	EndGlobalSection
	GlobalSection(ExtensibilityGlobals) = postSolution
		SolutionGuid = {50D42D6D-C406-4783-86BC-1171F284959E}
	EndGlobalSection
EndGlobal
