
Microsoft Visual Studio Solution File, Format Version 12.00
# Visual Studio Version 16
VisualStudioVersion = 16.0.28407.52
MinimumVisualStudioVersion = 10.0.40219.1
Project("{FAE04EC0-301F-11D3-BF4B-00C04F79EFBC}") = "Street", "Street\Street.csproj", "{72FDAB5A-4BB6-4C41-A251-F12066E9CE64}"
EndProject
Project("{FAE04EC0-301F-11D3-BF4B-00C04F79EFBC}") = "FirstProgram", "FirstProgram\FirstProgram.csproj", "{98852883-67B6-4C19-AB2C-58B8E0009E2E}"
EndProject
Global
	GlobalSection(SolutionConfigurationPlatforms) = preSolution
		Debug|Any CPU = Debug|Any CPU
		Release|Any CPU = Release|Any CPU
	EndGlobalSection
	GlobalSection(ProjectConfigurationPlatforms) = postSolution
		{72FDAB5A-4BB6-4C41-A251-F12066E9CE64}.Debug|Any CPU.ActiveCfg = Debug|Any CPU
		{72FDAB5A-4BB6-4C41-A251-F12066E9CE64}.Debug|Any CPU.Build.0 = Debug|Any CPU
		{72FDAB5A-4BB6-4C41-A251-F12066E9CE64}.Release|Any CPU.ActiveCfg = Release|Any CPU
		{72FDAB5A-4BB6-4C41-A251-F12066E9CE64}.Release|Any CPU.Build.0 = Release|Any CPU
		{98852883-67B6-4C19-AB2C-58B8E0009E2E}.Debug|Any CPU.ActiveCfg = Debug|Any CPU
		{98852883-67B6-4C19-AB2C-58B8E0009E2E}.Debug|Any CPU.Build.0 = Debug|Any CPU
		{98852883-67B6-4C19-AB2C-58B8E0009E2E}.Release|Any CPU.ActiveCfg = Release|Any CPU
		{98852883-67B6-4C19-AB2C-58B8E0009E2E}.Release|Any CPU.Build.0 = Release|Any CPU
	EndGlobalSection
	GlobalSection(SolutionProperties) = preSolution
		HideSolutionNode = FALSE
	EndGlobalSection
	GlobalSection(ExtensibilityGlobals) = postSolution
		SolutionGuid = {85D792B2-9499-4E81-8E73-4AEAB8D601AE}
	EndGlobalSection
EndGlobal
