
Microsoft Visual Studio Solution File, Format Version 12.00
# Visual Studio 15
VisualStudioVersion = 15.0.28307.421
MinimumVisualStudioVersion = 10.0.40219.1
Project("{FAE04EC0-301F-11D3-BF4B-00C04F79EFBC}") = "DiscretteHelp", "DiscretteHelp\DiscretteHelp.csproj", "{CCA93786-CF36-4199-A38E-6DCD495BD1DE}"
EndProject
Global
	GlobalSection(SolutionConfigurationPlatforms) = preSolution
		Debug|Any CPU = Debug|Any CPU
		Release|Any CPU = Release|Any CPU
	EndGlobalSection
	GlobalSection(ProjectConfigurationPlatforms) = postSolution
		{CCA93786-CF36-4199-A38E-6DCD495BD1DE}.Debug|Any CPU.ActiveCfg = Debug|Any CPU
		{CCA93786-CF36-4199-A38E-6DCD495BD1DE}.Debug|Any CPU.Build.0 = Debug|Any CPU
		{CCA93786-CF36-4199-A38E-6DCD495BD1DE}.Release|Any CPU.ActiveCfg = Release|Any CPU
		{CCA93786-CF36-4199-A38E-6DCD495BD1DE}.Release|Any CPU.Build.0 = Release|Any CPU
	EndGlobalSection
	GlobalSection(SolutionProperties) = preSolution
		HideSolutionNode = FALSE
	EndGlobalSection
	GlobalSection(ExtensibilityGlobals) = postSolution
		SolutionGuid = {FF3FE038-3D85-47BE-B9D0-F464A5443186}
	EndGlobalSection
EndGlobal
