
Microsoft Visual Studio Solution File, Format Version 12.00
# Visual Studio 15
VisualStudioVersion = 15.0.28307.572
MinimumVisualStudioVersion = 10.0.40219.1
Project("{FAE04EC0-301F-11D3-BF4B-00C04F79EFBC}") = "Task01", "Task01\Task01.csproj", "{6889C2C0-3497-41F1-822E-70C236B653E1}"
EndProject
Project("{FAE04EC0-301F-11D3-BF4B-00C04F79EFBC}") = "Task02", "Task02\Task02.csproj", "{D26E2747-4A70-4977-8484-D3919022BCB8}"
EndProject
Global
	GlobalSection(SolutionConfigurationPlatforms) = preSolution
		Debug|Any CPU = Debug|Any CPU
		Release|Any CPU = Release|Any CPU
	EndGlobalSection
	GlobalSection(ProjectConfigurationPlatforms) = postSolution
		{6889C2C0-3497-41F1-822E-70C236B653E1}.Debug|Any CPU.ActiveCfg = Debug|Any CPU
		{6889C2C0-3497-41F1-822E-70C236B653E1}.Debug|Any CPU.Build.0 = Debug|Any CPU
		{6889C2C0-3497-41F1-822E-70C236B653E1}.Release|Any CPU.ActiveCfg = Release|Any CPU
		{6889C2C0-3497-41F1-822E-70C236B653E1}.Release|Any CPU.Build.0 = Release|Any CPU
		{D26E2747-4A70-4977-8484-D3919022BCB8}.Debug|Any CPU.ActiveCfg = Debug|Any CPU
		{D26E2747-4A70-4977-8484-D3919022BCB8}.Debug|Any CPU.Build.0 = Debug|Any CPU
		{D26E2747-4A70-4977-8484-D3919022BCB8}.Release|Any CPU.ActiveCfg = Release|Any CPU
		{D26E2747-4A70-4977-8484-D3919022BCB8}.Release|Any CPU.Build.0 = Release|Any CPU
	EndGlobalSection
	GlobalSection(SolutionProperties) = preSolution
		HideSolutionNode = FALSE
	EndGlobalSection
	GlobalSection(ExtensibilityGlobals) = postSolution
		SolutionGuid = {022E8BD8-596E-4310-9E5B-0C48C9657767}
	EndGlobalSection
EndGlobal
