
Microsoft Visual Studio Solution File, Format Version 12.00
# Visual Studio 15
VisualStudioVersion = 15.0.28010.2026
MinimumVisualStudioVersion = 10.0.40219.1
Project("{FAE04EC0-301F-11D3-BF4B-00C04F79EFBC}") = "Task02", "Task02\Task02.csproj", "{EE7454BD-04E5-46F6-9AFC-7B724D2CF8F3}"
EndProject
Project("{FAE04EC0-301F-11D3-BF4B-00C04F79EFBC}") = "Task03", "Task03\Task03.csproj", "{6F5E3975-0073-459C-9387-BE4B148177B8}"
EndProject
Project("{FAE04EC0-301F-11D3-BF4B-00C04F79EFBC}") = "Task04", "Task04\Task04.csproj", "{C9A4B6AC-E220-478F-B09A-B477E49A0FAC}"
EndProject
Project("{FAE04EC0-301F-11D3-BF4B-00C04F79EFBC}") = "Task01", "Task01\Task01.csproj", "{33FC1983-0C4F-4891-8266-17073FCB188A}"
EndProject
Global
	GlobalSection(SolutionConfigurationPlatforms) = preSolution
		Debug|Any CPU = Debug|Any CPU
		Release|Any CPU = Release|Any CPU
	EndGlobalSection
	GlobalSection(ProjectConfigurationPlatforms) = postSolution
		{EE7454BD-04E5-46F6-9AFC-7B724D2CF8F3}.Debug|Any CPU.ActiveCfg = Debug|Any CPU
		{EE7454BD-04E5-46F6-9AFC-7B724D2CF8F3}.Debug|Any CPU.Build.0 = Debug|Any CPU
		{EE7454BD-04E5-46F6-9AFC-7B724D2CF8F3}.Release|Any CPU.ActiveCfg = Release|Any CPU
		{EE7454BD-04E5-46F6-9AFC-7B724D2CF8F3}.Release|Any CPU.Build.0 = Release|Any CPU
		{6F5E3975-0073-459C-9387-BE4B148177B8}.Debug|Any CPU.ActiveCfg = Debug|Any CPU
		{6F5E3975-0073-459C-9387-BE4B148177B8}.Debug|Any CPU.Build.0 = Debug|Any CPU
		{6F5E3975-0073-459C-9387-BE4B148177B8}.Release|Any CPU.ActiveCfg = Release|Any CPU
		{6F5E3975-0073-459C-9387-BE4B148177B8}.Release|Any CPU.Build.0 = Release|Any CPU
		{C9A4B6AC-E220-478F-B09A-B477E49A0FAC}.Debug|Any CPU.ActiveCfg = Debug|Any CPU
		{C9A4B6AC-E220-478F-B09A-B477E49A0FAC}.Debug|Any CPU.Build.0 = Debug|Any CPU
		{C9A4B6AC-E220-478F-B09A-B477E49A0FAC}.Release|Any CPU.ActiveCfg = Release|Any CPU
		{C9A4B6AC-E220-478F-B09A-B477E49A0FAC}.Release|Any CPU.Build.0 = Release|Any CPU
		{33FC1983-0C4F-4891-8266-17073FCB188A}.Debug|Any CPU.ActiveCfg = Debug|Any CPU
		{33FC1983-0C4F-4891-8266-17073FCB188A}.Debug|Any CPU.Build.0 = Debug|Any CPU
		{33FC1983-0C4F-4891-8266-17073FCB188A}.Release|Any CPU.ActiveCfg = Release|Any CPU
		{33FC1983-0C4F-4891-8266-17073FCB188A}.Release|Any CPU.Build.0 = Release|Any CPU
	EndGlobalSection
	GlobalSection(SolutionProperties) = preSolution
		HideSolutionNode = FALSE
	EndGlobalSection
	GlobalSection(ExtensibilityGlobals) = postSolution
		SolutionGuid = {ACF2CDAB-CD47-4DCC-ACB3-743901B56A81}
	EndGlobalSection
EndGlobal
