
Microsoft Visual Studio Solution File, Format Version 12.00
# Visual Studio 15
VisualStudioVersion = 15.0.28010.2050
MinimumVisualStudioVersion = 10.0.40219.1
Project("{FAE04EC0-301F-11D3-BF4B-00C04F79EFBC}") = "SR2_Fomin_1", "SR2_Fomin_1\SR2_Fomin_1.csproj", "{C067DF39-C66B-46E4-90CD-1058D5FC1B48}"
EndProject
Global
	GlobalSection(SolutionConfigurationPlatforms) = preSolution
		Debug|Any CPU = Debug|Any CPU
		Release|Any CPU = Release|Any CPU
	EndGlobalSection
	GlobalSection(ProjectConfigurationPlatforms) = postSolution
		{C067DF39-C66B-46E4-90CD-1058D5FC1B48}.Debug|Any CPU.ActiveCfg = Debug|Any CPU
		{C067DF39-C66B-46E4-90CD-1058D5FC1B48}.Debug|Any CPU.Build.0 = Debug|Any CPU
		{C067DF39-C66B-46E4-90CD-1058D5FC1B48}.Release|Any CPU.ActiveCfg = Release|Any CPU
		{C067DF39-C66B-46E4-90CD-1058D5FC1B48}.Release|Any CPU.Build.0 = Release|Any CPU
	EndGlobalSection
	GlobalSection(SolutionProperties) = preSolution
		HideSolutionNode = FALSE
	EndGlobalSection
	GlobalSection(ExtensibilityGlobals) = postSolution
		SolutionGuid = {1C2A64F0-4677-48E7-A5F9-A777E135B9E6}
	EndGlobalSection
EndGlobal
