
Microsoft Visual Studio Solution File, Format Version 12.00
# Visual Studio 15
VisualStudioVersion = 15.0.28307.438
MinimumVisualStudioVersion = 10.0.40219.1
Project("{FAE04EC0-301F-11D3-BF4B-00C04F79EFBC}") = "SR3_Fomin_var2", "SR3_Fomin_var2\SR3_Fomin_var2.csproj", "{376A444F-E838-439B-AB4D-6489EA8BD2FF}"
EndProject
Project("{FAE04EC0-301F-11D3-BF4B-00C04F79EFBC}") = "ClassLibrary", "ClassLibrary\ClassLibrary.csproj", "{2AC6A83F-3028-4A67-9973-74BFE9EEF38D}"
EndProject
Global
	GlobalSection(SolutionConfigurationPlatforms) = preSolution
		Debug|Any CPU = Debug|Any CPU
		Release|Any CPU = Release|Any CPU
	EndGlobalSection
	GlobalSection(ProjectConfigurationPlatforms) = postSolution
		{376A444F-E838-439B-AB4D-6489EA8BD2FF}.Debug|Any CPU.ActiveCfg = Debug|Any CPU
		{376A444F-E838-439B-AB4D-6489EA8BD2FF}.Debug|Any CPU.Build.0 = Debug|Any CPU
		{376A444F-E838-439B-AB4D-6489EA8BD2FF}.Release|Any CPU.ActiveCfg = Release|Any CPU
		{376A444F-E838-439B-AB4D-6489EA8BD2FF}.Release|Any CPU.Build.0 = Release|Any CPU
		{2AC6A83F-3028-4A67-9973-74BFE9EEF38D}.Debug|Any CPU.ActiveCfg = Debug|Any CPU
		{2AC6A83F-3028-4A67-9973-74BFE9EEF38D}.Debug|Any CPU.Build.0 = Debug|Any CPU
		{2AC6A83F-3028-4A67-9973-74BFE9EEF38D}.Release|Any CPU.ActiveCfg = Release|Any CPU
		{2AC6A83F-3028-4A67-9973-74BFE9EEF38D}.Release|Any CPU.Build.0 = Release|Any CPU
	EndGlobalSection
	GlobalSection(SolutionProperties) = preSolution
		HideSolutionNode = FALSE
	EndGlobalSection
	GlobalSection(ExtensibilityGlobals) = postSolution
		SolutionGuid = {FCFBA28A-639D-4A17-97A8-09CE60BF3C23}
	EndGlobalSection
EndGlobal
