
Microsoft Visual Studio Solution File, Format Version 12.00
# Visual Studio 15
VisualStudioVersion = 15.0.28307.572
MinimumVisualStudioVersion = 10.0.40219.1
Project("{FAE04EC0-301F-11D3-BF4B-00C04F79EFBC}") = "Task01", "Task01\Task01.csproj", "{A5F7AD2A-7B0F-4CF3-8D6A-899EE07999FC}"
EndProject
Project("{FAE04EC0-301F-11D3-BF4B-00C04F79EFBC}") = "Task02", "Task02\Task02.csproj", "{8C600EAA-7BD8-4983-B4D1-2FE868765B1E}"
EndProject
Project("{FAE04EC0-301F-11D3-BF4B-00C04F79EFBC}") = "Task03", "Task03\Task03.csproj", "{ED783D9F-4C09-4339-BDE4-53231986181A}"
EndProject
Global
	GlobalSection(SolutionConfigurationPlatforms) = preSolution
		Debug|Any CPU = Debug|Any CPU
		Release|Any CPU = Release|Any CPU
	EndGlobalSection
	GlobalSection(ProjectConfigurationPlatforms) = postSolution
		{A5F7AD2A-7B0F-4CF3-8D6A-899EE07999FC}.Debug|Any CPU.ActiveCfg = Debug|Any CPU
		{A5F7AD2A-7B0F-4CF3-8D6A-899EE07999FC}.Debug|Any CPU.Build.0 = Debug|Any CPU
		{A5F7AD2A-7B0F-4CF3-8D6A-899EE07999FC}.Release|Any CPU.ActiveCfg = Release|Any CPU
		{A5F7AD2A-7B0F-4CF3-8D6A-899EE07999FC}.Release|Any CPU.Build.0 = Release|Any CPU
		{8C600EAA-7BD8-4983-B4D1-2FE868765B1E}.Debug|Any CPU.ActiveCfg = Debug|Any CPU
		{8C600EAA-7BD8-4983-B4D1-2FE868765B1E}.Debug|Any CPU.Build.0 = Debug|Any CPU
		{8C600EAA-7BD8-4983-B4D1-2FE868765B1E}.Release|Any CPU.ActiveCfg = Release|Any CPU
		{8C600EAA-7BD8-4983-B4D1-2FE868765B1E}.Release|Any CPU.Build.0 = Release|Any CPU
		{ED783D9F-4C09-4339-BDE4-53231986181A}.Debug|Any CPU.ActiveCfg = Debug|Any CPU
		{ED783D9F-4C09-4339-BDE4-53231986181A}.Debug|Any CPU.Build.0 = Debug|Any CPU
		{ED783D9F-4C09-4339-BDE4-53231986181A}.Release|Any CPU.ActiveCfg = Release|Any CPU
		{ED783D9F-4C09-4339-BDE4-53231986181A}.Release|Any CPU.Build.0 = Release|Any CPU
	EndGlobalSection
	GlobalSection(SolutionProperties) = preSolution
		HideSolutionNode = FALSE
	EndGlobalSection
	GlobalSection(ExtensibilityGlobals) = postSolution
		SolutionGuid = {5421EB3D-0ADA-49C8-BA15-0CBC3A35056B}
	EndGlobalSection
EndGlobal
