
Microsoft Visual Studio Solution File, Format Version 12.00
# Visual Studio 15
VisualStudioVersion = 15.0.28307.106
MinimumVisualStudioVersion = 10.0.40219.1
Project("{FAE04EC0-301F-11D3-BF4B-00C04F79EFBC}") = "AnotherTest", "AnotherTest\AnotherTest.csproj", "{300C0A05-CDC8-4FAD-A37E-0E0608CDC63E}"
EndProject
Global
	GlobalSection(SolutionConfigurationPlatforms) = preSolution
		Debug|Any CPU = Debug|Any CPU
		Release|Any CPU = Release|Any CPU
	EndGlobalSection
	GlobalSection(ProjectConfigurationPlatforms) = postSolution
		{300C0A05-CDC8-4FAD-A37E-0E0608CDC63E}.Debug|Any CPU.ActiveCfg = Debug|Any CPU
		{300C0A05-CDC8-4FAD-A37E-0E0608CDC63E}.Debug|Any CPU.Build.0 = Debug|Any CPU
		{300C0A05-CDC8-4FAD-A37E-0E0608CDC63E}.Release|Any CPU.ActiveCfg = Release|Any CPU
		{300C0A05-CDC8-4FAD-A37E-0E0608CDC63E}.Release|Any CPU.Build.0 = Release|Any CPU
	EndGlobalSection
	GlobalSection(SolutionProperties) = preSolution
		HideSolutionNode = FALSE
	EndGlobalSection
	GlobalSection(ExtensibilityGlobals) = postSolution
		SolutionGuid = {ECE60DD2-5EC0-4021-B808-2C263ECE3926}
	EndGlobalSection
EndGlobal
