
Microsoft Visual Studio Solution File, Format Version 12.00
# Visual Studio Version 16
VisualStudioVersion = 16.0.28407.52
MinimumVisualStudioVersion = 10.0.40219.1
Project("{FAE04EC0-301F-11D3-BF4B-00C04F79EFBC}") = "Fomin_SR2_var2", "Fomin_SR2_var2\Fomin_SR2_var2.csproj", "{3E198C6B-0CA7-41AA-AA72-DB4249E97D1D}"
EndProject
Global
	GlobalSection(SolutionConfigurationPlatforms) = preSolution
		Debug|Any CPU = Debug|Any CPU
		Release|Any CPU = Release|Any CPU
	EndGlobalSection
	GlobalSection(ProjectConfigurationPlatforms) = postSolution
		{3E198C6B-0CA7-41AA-AA72-DB4249E97D1D}.Debug|Any CPU.ActiveCfg = Debug|Any CPU
		{3E198C6B-0CA7-41AA-AA72-DB4249E97D1D}.Debug|Any CPU.Build.0 = Debug|Any CPU
		{3E198C6B-0CA7-41AA-AA72-DB4249E97D1D}.Release|Any CPU.ActiveCfg = Release|Any CPU
		{3E198C6B-0CA7-41AA-AA72-DB4249E97D1D}.Release|Any CPU.Build.0 = Release|Any CPU
	EndGlobalSection
	GlobalSection(SolutionProperties) = preSolution
		HideSolutionNode = FALSE
	EndGlobalSection
	GlobalSection(ExtensibilityGlobals) = postSolution
		SolutionGuid = {1161313B-852D-4AF3-B603-99D333BBD32D}
	EndGlobalSection
EndGlobal
