
Microsoft Visual Studio Solution File, Format Version 12.00
# Visual Studio 15
VisualStudioVersion = 15.0.28307.421
MinimumVisualStudioVersion = 10.0.40219.1
Project("{FAE04EC0-301F-11D3-BF4B-00C04F79EFBC}") = "Fomin_SR5_var2", "Fomin_SR5_var2\Fomin_SR5_var2.csproj", "{F2B84326-DF42-4DEB-935A-2498B65FF374}"
EndProject
Project("{FAE04EC0-301F-11D3-BF4B-00C04F79EFBC}") = "ClassLibrary", "ClassLibrary\ClassLibrary.csproj", "{78C5E69E-C0E7-4528-971A-4A7B4CCE4B71}"
EndProject
Global
	GlobalSection(SolutionConfigurationPlatforms) = preSolution
		Debug|Any CPU = Debug|Any CPU
		Release|Any CPU = Release|Any CPU
	EndGlobalSection
	GlobalSection(ProjectConfigurationPlatforms) = postSolution
		{F2B84326-DF42-4DEB-935A-2498B65FF374}.Debug|Any CPU.ActiveCfg = Debug|Any CPU
		{F2B84326-DF42-4DEB-935A-2498B65FF374}.Debug|Any CPU.Build.0 = Debug|Any CPU
		{F2B84326-DF42-4DEB-935A-2498B65FF374}.Release|Any CPU.ActiveCfg = Release|Any CPU
		{F2B84326-DF42-4DEB-935A-2498B65FF374}.Release|Any CPU.Build.0 = Release|Any CPU
		{78C5E69E-C0E7-4528-971A-4A7B4CCE4B71}.Debug|Any CPU.ActiveCfg = Debug|Any CPU
		{78C5E69E-C0E7-4528-971A-4A7B4CCE4B71}.Debug|Any CPU.Build.0 = Debug|Any CPU
		{78C5E69E-C0E7-4528-971A-4A7B4CCE4B71}.Release|Any CPU.ActiveCfg = Release|Any CPU
		{78C5E69E-C0E7-4528-971A-4A7B4CCE4B71}.Release|Any CPU.Build.0 = Release|Any CPU
	EndGlobalSection
	GlobalSection(SolutionProperties) = preSolution
		HideSolutionNode = FALSE
	EndGlobalSection
	GlobalSection(ExtensibilityGlobals) = postSolution
		SolutionGuid = {E73B0971-4819-4FAD-926C-AF4A253702A1}
	EndGlobalSection
EndGlobal
