
Microsoft Visual Studio Solution File, Format Version 12.00
# Visual Studio Version 16
VisualStudioVersion = 16.0.28407.52
MinimumVisualStudioVersion = 10.0.40219.1
Project("{FAE04EC0-301F-11D3-BF4B-00C04F79EFBC}") = "MiniLearning", "MiniLearning\MiniLearning.csproj", "{DEA8A27A-1C12-4231-B845-23BE164566BA}"
EndProject
Global
	GlobalSection(SolutionConfigurationPlatforms) = preSolution
		Debug|Any CPU = Debug|Any CPU
		Release|Any CPU = Release|Any CPU
	EndGlobalSection
	GlobalSection(ProjectConfigurationPlatforms) = postSolution
		{DEA8A27A-1C12-4231-B845-23BE164566BA}.Debug|Any CPU.ActiveCfg = Debug|Any CPU
		{DEA8A27A-1C12-4231-B845-23BE164566BA}.Debug|Any CPU.Build.0 = Debug|Any CPU
		{DEA8A27A-1C12-4231-B845-23BE164566BA}.Release|Any CPU.ActiveCfg = Release|Any CPU
		{DEA8A27A-1C12-4231-B845-23BE164566BA}.Release|Any CPU.Build.0 = Release|Any CPU
	EndGlobalSection
	GlobalSection(SolutionProperties) = preSolution
		HideSolutionNode = FALSE
	EndGlobalSection
	GlobalSection(ExtensibilityGlobals) = postSolution
		SolutionGuid = {F0964E1C-FBCE-48DE-B579-7230FA4D1EFC}
	EndGlobalSection
EndGlobal
